// !$*UTF8*$!
{
	archiveVersion = 1;
	classes = {
	};
	objectVersion = 48;
	objects = {

/* Begin PBXBuildFile section */
		C317820C208DF45600CB8FAE /* README.md in Resources */ = {isa = PBXBuildFile; fileRef = C317820B208DF45500CB8FAE /* README.md */; };
		C3332EE92088A86E00FF73FF /* Error.swift in Sources */ = {isa = PBXBuildFile; fileRef = C3332EE82088A86E00FF73FF /* Error.swift */; };
		C3332EEB2088E1DE00FF73FF /* NearbyPlacesPresenter.swift in Sources */ = {isa = PBXBuildFile; fileRef = C3332EEA2088E1DE00FF73FF /* NearbyPlacesPresenter.swift */; };
		C3332EEE2088E43C00FF73FF /* NearbyPlacesView.xib in Resources */ = {isa = PBXBuildFile; fileRef = C3332EED2088E43C00FF73FF /* NearbyPlacesView.xib */; };
		C3332EF02088E45600FF73FF /* NearbyPlacesAssembler.swift in Sources */ = {isa = PBXBuildFile; fileRef = C3332EEF2088E45600FF73FF /* NearbyPlacesAssembler.swift */; };
		C3332EF22088E4D300FF73FF /* PlacesComponent.swift in Sources */ = {isa = PBXBuildFile; fileRef = C3332EF12088E4D300FF73FF /* PlacesComponent.swift */; };
		C3332EF42088EBD700FF73FF /* NearbyPlaceCell.xib in Resources */ = {isa = PBXBuildFile; fileRef = C3332EF32088EBD700FF73FF /* NearbyPlaceCell.xib */; };
		C3332EF62088F0B800FF73FF /* NearbyPlaceCell.swift in Sources */ = {isa = PBXBuildFile; fileRef = C3332EF52088F0B800FF73FF /* NearbyPlaceCell.swift */; };
		C33884B920A09C9800ED3D49 /* Swifter.framework in CopyFiles */ = {isa = PBXBuildFile; fileRef = C3CC23F420A09C0000BA01F6 /* Swifter.framework */; settings = {ATTRIBUTES = (CodeSignOnCopy, RemoveHeadersOnCopy, ); }; };
		C33884BB20A0A07400ED3D49 /* nearby-success.json in Resources */ = {isa = PBXBuildFile; fileRef = C33884BA20A0A07400ED3D49 /* nearby-success.json */; };
		C33EE73D2091FB5A00712672 /* Kingfisher.framework in Frameworks */ = {isa = PBXBuildFile; fileRef = C33EE73C2091FB5A00712672 /* Kingfisher.framework */; };
		C343D5F920DA7F140072CE0D /* WeatherTableViewCell.swift in Sources */ = {isa = PBXBuildFile; fileRef = C343D5F720DA7F140072CE0D /* WeatherTableViewCell.swift */; };
		C343D5FA20DA7F150072CE0D /* WeatherTableViewCell.xib in Resources */ = {isa = PBXBuildFile; fileRef = C343D5F820DA7F140072CE0D /* WeatherTableViewCell.xib */; };
		C36DD7832090C7A30045E114 /* Constants.swift in Sources */ = {isa = PBXBuildFile; fileRef = C36DD7822090C7A30045E114 /* Constants.swift */; };
		C3793FFE20E11296004C723B /* WeatherPresenter.swift in Sources */ = {isa = PBXBuildFile; fileRef = C3793FFD20E11296004C723B /* WeatherPresenter.swift */; };
		C379400020E11483004C723B /* WeatherAssembler.swift in Sources */ = {isa = PBXBuildFile; fileRef = C3793FFF20E11483004C723B /* WeatherAssembler.swift */; };
		C379400120E11986004C723B /* WeatherAssembler.swift in Sources */ = {isa = PBXBuildFile; fileRef = C3793FFF20E11483004C723B /* WeatherAssembler.swift */; };
		C379400220E1198B004C723B /* WeatherPresenter.swift in Sources */ = {isa = PBXBuildFile; fileRef = C3793FFD20E11296004C723B /* WeatherPresenter.swift */; };
		C379400320E1198E004C723B /* WeatherTableViewCell.swift in Sources */ = {isa = PBXBuildFile; fileRef = C343D5F720DA7F140072CE0D /* WeatherTableViewCell.swift */; };
		C379400420E119B9004C723B /* NearbyPlacesAssembler.swift in Sources */ = {isa = PBXBuildFile; fileRef = C3332EEF2088E45600FF73FF /* NearbyPlacesAssembler.swift */; };
		C379400520E119BC004C723B /* NearbyPlacesViewController.swift in Sources */ = {isa = PBXBuildFile; fileRef = C3FA42592087AF8B00B63221 /* NearbyPlacesViewController.swift */; };
		C379400620E119BF004C723B /* NearbyPlacesPresenter.swift in Sources */ = {isa = PBXBuildFile; fileRef = C3332EEA2088E1DE00FF73FF /* NearbyPlacesPresenter.swift */; };
		C379400720E119C2004C723B /* NearbyPlaceCell.swift in Sources */ = {isa = PBXBuildFile; fileRef = C3332EF52088F0B800FF73FF /* NearbyPlaceCell.swift */; };
		C379400820E11C65004C723B /* Constants.swift in Sources */ = {isa = PBXBuildFile; fileRef = C36DD7822090C7A30045E114 /* Constants.swift */; };
		C379400920E11CAE004C723B /* PlacesComponent.swift in Sources */ = {isa = PBXBuildFile; fileRef = C3332EF12088E4D300FF73FF /* PlacesComponent.swift */; };
		C379400B20E12A06004C723B /* PromiseOnceTest.swift in Sources */ = {isa = PBXBuildFile; fileRef = C379400A20E12A06004C723B /* PromiseOnceTest.swift */; };
		C379400D20E12A17004C723B /* PromiseAllTest.swift in Sources */ = {isa = PBXBuildFile; fileRef = C379400C20E12A17004C723B /* PromiseAllTest.swift */; };
		C391460B20DA564E00013336 /* Item.swift in Sources */ = {isa = PBXBuildFile; fileRef = C391460A20DA564E00013336 /* Item.swift */; };
		C391460C20DA564E00013336 /* Item.swift in Sources */ = {isa = PBXBuildFile; fileRef = C391460A20DA564E00013336 /* Item.swift */; };
		C3CC23F520A09C0000BA01F6 /* Swifter.framework in Frameworks */ = {isa = PBXBuildFile; fileRef = C3CC23F420A09C0000BA01F6 /* Swifter.framework */; };
		C3CC23FA20A09C3100BA01F6 /* PlacesGatewayTest.swift in Sources */ = {isa = PBXBuildFile; fileRef = C3CC23F920A09C3100BA01F6 /* PlacesGatewayTest.swift */; };
		C3D2893520ECDBBF001DE077 /* MockWorkers.swift in Sources */ = {isa = PBXBuildFile; fileRef = C3D2893420ECDBBF001DE077 /* MockWorkers.swift */; };
		C3D8AD8C20A05DE000868FF9 /* PlacesTest.swift in Sources */ = {isa = PBXBuildFile; fileRef = C3D8AD8B20A05DE000868FF9 /* PlacesTest.swift */; };
		C3D9D98920D14CAB004EC19A /* Promises.swift in Sources */ = {isa = PBXBuildFile; fileRef = C3D9D98820D14CAB004EC19A /* Promises.swift */; };
		C3D9D98D20D14D59004EC19A /* PromiseOnce.swift in Sources */ = {isa = PBXBuildFile; fileRef = C3D9D98C20D14D59004EC19A /* PromiseOnce.swift */; };
		C3DA814F208F419500AF9ABE /* main.swift in Sources */ = {isa = PBXBuildFile; fileRef = C3DA814E208F419500AF9ABE /* main.swift */; };
		C3DA8150208F43BD00AF9ABE /* Promise.swift in Sources */ = {isa = PBXBuildFile; fileRef = C3FA425D2087AFA800B63221 /* Promise.swift */; };
		C3DA8151208F43C900AF9ABE /* Work.swift in Sources */ = {isa = PBXBuildFile; fileRef = C3FA425E2087AFA800B63221 /* Work.swift */; };
		C3E24B2020A19CB10062D4E7 /* PlacesGateway.swift in Sources */ = {isa = PBXBuildFile; fileRef = C3FA42632087AFEC00B63221 /* PlacesGateway.swift */; };
		C3E24B2220A1BE250062D4E7 /* nearby-success-noplaces.json in Resources */ = {isa = PBXBuildFile; fileRef = C3E24B2120A1BE250062D4E7 /* nearby-success-noplaces.json */; };
		C3E24B2420A1CC330062D4E7 /* LocationGatewayTest.swift in Sources */ = {isa = PBXBuildFile; fileRef = C3E24B2320A1CC330062D4E7 /* LocationGatewayTest.swift */; };
		C3E24B2620A1D40F0062D4E7 /* Places.swift in Sources */ = {isa = PBXBuildFile; fileRef = C3FA42662087B04200B63221 /* Places.swift */; };
		C3E24B2720A1D4180062D4E7 /* LocationGateway.swift in Sources */ = {isa = PBXBuildFile; fileRef = C3FA42622087AFEC00B63221 /* LocationGateway.swift */; };
		C3E24B2820A1D47F0062D4E7 /* Error.swift in Sources */ = {isa = PBXBuildFile; fileRef = C3332EE82088A86E00FF73FF /* Error.swift */; };
		C3E24B2A20A1D7420062D4E7 /* LocationManager.swift in Sources */ = {isa = PBXBuildFile; fileRef = C3E24B2920A1D7420062D4E7 /* LocationManager.swift */; };
		C3E24B2B20A1D7480062D4E7 /* LocationManager.swift in Sources */ = {isa = PBXBuildFile; fileRef = C3E24B2920A1D7420062D4E7 /* LocationManager.swift */; };
		C3FA42382087AEC200B63221 /* Main.storyboard in Resources */ = {isa = PBXBuildFile; fileRef = C3FA42362087AEC200B63221 /* Main.storyboard */; };
		C3FA423A2087AEC200B63221 /* Assets.xcassets in Resources */ = {isa = PBXBuildFile; fileRef = C3FA42392087AEC200B63221 /* Assets.xcassets */; };
		C3FA423D2087AEC200B63221 /* LaunchScreen.storyboard in Resources */ = {isa = PBXBuildFile; fileRef = C3FA423B2087AEC200B63221 /* LaunchScreen.storyboard */; };
		C3FA42482087AEC200B63221 /* PromiseTest.swift in Sources */ = {isa = PBXBuildFile; fileRef = C3FA42472087AEC200B63221 /* PromiseTest.swift */; };
		C3FA42562087AF6A00B63221 /* MapKit.framework in Frameworks */ = {isa = PBXBuildFile; fileRef = C3FA42552087AF6A00B63221 /* MapKit.framework */; };
		C3FA425A2087AF8B00B63221 /* AppDelegate.swift in Sources */ = {isa = PBXBuildFile; fileRef = C3FA42582087AF8B00B63221 /* AppDelegate.swift */; };
		C3FA425B2087AF8B00B63221 /* NearbyPlacesViewController.swift in Sources */ = {isa = PBXBuildFile; fileRef = C3FA42592087AF8B00B63221 /* NearbyPlacesViewController.swift */; };
		C3FA425F2087AFA800B63221 /* Promise.swift in Sources */ = {isa = PBXBuildFile; fileRef = C3FA425D2087AFA800B63221 /* Promise.swift */; };
		C3FA42602087AFA800B63221 /* Work.swift in Sources */ = {isa = PBXBuildFile; fileRef = C3FA425E2087AFA800B63221 /* Work.swift */; };
		C3FA42642087AFEC00B63221 /* LocationGateway.swift in Sources */ = {isa = PBXBuildFile; fileRef = C3FA42622087AFEC00B63221 /* LocationGateway.swift */; };
		C3FA42652087AFEC00B63221 /* PlacesGateway.swift in Sources */ = {isa = PBXBuildFile; fileRef = C3FA42632087AFEC00B63221 /* PlacesGateway.swift */; };
		C3FA42672087B04200B63221 /* Places.swift in Sources */ = {isa = PBXBuildFile; fileRef = C3FA42662087B04200B63221 /* Places.swift */; };
		C3FC18BF20D9265300393EBB /* Promises.swift in Sources */ = {isa = PBXBuildFile; fileRef = C3D9D98820D14CAB004EC19A /* Promises.swift */; };
		C3FC18C020D9265600393EBB /* PromiseOnce.swift in Sources */ = {isa = PBXBuildFile; fileRef = C3D9D98C20D14D59004EC19A /* PromiseOnce.swift */; };
		C3FC18C220D9292A00393EBB /* PromiseAll.swift in Sources */ = {isa = PBXBuildFile; fileRef = C3FC18C120D9292A00393EBB /* PromiseAll.swift */; };
		C3FC18C320D9292A00393EBB /* PromiseAll.swift in Sources */ = {isa = PBXBuildFile; fileRef = C3FC18C120D9292A00393EBB /* PromiseAll.swift */; };
		C3FC18D620D946B000393EBB /* Weather.swift in Sources */ = {isa = PBXBuildFile; fileRef = C3FC18D520D946B000393EBB /* Weather.swift */; };
		C3FC18D720D946B000393EBB /* Weather.swift in Sources */ = {isa = PBXBuildFile; fileRef = C3FC18D520D946B000393EBB /* Weather.swift */; };
		C3FC18D920D9595700393EBB /* CurrentWeatherWorker.swift in Sources */ = {isa = PBXBuildFile; fileRef = C3FC18D820D9595700393EBB /* CurrentWeatherWorker.swift */; };
		C3FC18DA20D9595700393EBB /* CurrentWeatherWorker.swift in Sources */ = {isa = PBXBuildFile; fileRef = C3FC18D820D9595700393EBB /* CurrentWeatherWorker.swift */; };
		C3FC18DC20D959DE00393EBB /* WeatherComponent.swift in Sources */ = {isa = PBXBuildFile; fileRef = C3FC18DB20D959DE00393EBB /* WeatherComponent.swift */; };
		C3FC18DD20D959DE00393EBB /* WeatherComponent.swift in Sources */ = {isa = PBXBuildFile; fileRef = C3FC18DB20D959DE00393EBB /* WeatherComponent.swift */; };
		C3FC18E120D9630800393EBB /* WeatherViewController.swift in Sources */ = {isa = PBXBuildFile; fileRef = C3FC18DF20D9630800393EBB /* WeatherViewController.swift */; };
		C3FC18E220D9630800393EBB /* WeatherViewController.swift in Sources */ = {isa = PBXBuildFile; fileRef = C3FC18DF20D9630800393EBB /* WeatherViewController.swift */; };
		C3FC18E320D9630800393EBB /* WeatherViewController.xib in Resources */ = {isa = PBXBuildFile; fileRef = C3FC18E020D9630800393EBB /* WeatherViewController.xib */; };
		C3FC18E420D9630800393EBB /* WeatherViewController.xib in Resources */ = {isa = PBXBuildFile; fileRef = C3FC18E020D9630800393EBB /* WeatherViewController.xib */; };
		C3FC18E820D9643100393EBB /* ItemsTableViewController.swift in Sources */ = {isa = PBXBuildFile; fileRef = C3FC18E620D9643100393EBB /* ItemsTableViewController.swift */; };
		C3FC18E920D9643100393EBB /* ItemsTableViewController.swift in Sources */ = {isa = PBXBuildFile; fileRef = C3FC18E620D9643100393EBB /* ItemsTableViewController.swift */; };
		C3FC18EA20D9643100393EBB /* ItemsTableViewController.xib in Resources */ = {isa = PBXBuildFile; fileRef = C3FC18E720D9643100393EBB /* ItemsTableViewController.xib */; };
		C3FC18EB20D9643100393EBB /* ItemsTableViewController.xib in Resources */ = {isa = PBXBuildFile; fileRef = C3FC18E720D9643100393EBB /* ItemsTableViewController.xib */; };
/* End PBXBuildFile section */

/* Begin PBXContainerItemProxy section */
		C3FA42442087AEC200B63221 /* PBXContainerItemProxy */ = {
			isa = PBXContainerItemProxy;
			containerPortal = C3FA42272087AEC200B63221 /* Project object */;
			proxyType = 1;
			remoteGlobalIDString = C3FA422E2087AEC200B63221;
			remoteInfo = CleanArchitecture;
		};
/* End PBXContainerItemProxy section */

/* Begin PBXCopyFilesBuildPhase section */
		C3CC23F620A09C0A00BA01F6 /* CopyFiles */ = {
			isa = PBXCopyFilesBuildPhase;
			buildActionMask = 2147483647;
			dstPath = "";
			dstSubfolderSpec = 10;
			files = (
				C33884B920A09C9800ED3D49 /* Swifter.framework in CopyFiles */,
			);
			runOnlyForDeploymentPostprocessing = 0;
		};
/* End PBXCopyFilesBuildPhase section */

/* Begin PBXFileReference section */
		C317820B208DF45500CB8FAE /* README.md */ = {isa = PBXFileReference; fileEncoding = 4; lastKnownFileType = net.daringfireball.markdown; name = README.md; path = ../README.md; sourceTree = "<group>"; };
		C3332EE82088A86E00FF73FF /* Error.swift */ = {isa = PBXFileReference; lastKnownFileType = sourcecode.swift; path = Error.swift; sourceTree = "<group>"; };
		C3332EEA2088E1DE00FF73FF /* NearbyPlacesPresenter.swift */ = {isa = PBXFileReference; lastKnownFileType = sourcecode.swift; path = NearbyPlacesPresenter.swift; sourceTree = "<group>"; };
		C3332EED2088E43C00FF73FF /* NearbyPlacesView.xib */ = {isa = PBXFileReference; lastKnownFileType = file.xib; path = NearbyPlacesView.xib; sourceTree = "<group>"; };
		C3332EEF2088E45600FF73FF /* NearbyPlacesAssembler.swift */ = {isa = PBXFileReference; lastKnownFileType = sourcecode.swift; path = NearbyPlacesAssembler.swift; sourceTree = "<group>"; };
		C3332EF12088E4D300FF73FF /* PlacesComponent.swift */ = {isa = PBXFileReference; lastKnownFileType = sourcecode.swift; path = PlacesComponent.swift; sourceTree = "<group>"; };
		C3332EF32088EBD700FF73FF /* NearbyPlaceCell.xib */ = {isa = PBXFileReference; lastKnownFileType = file.xib; path = NearbyPlaceCell.xib; sourceTree = "<group>"; };
		C3332EF52088F0B800FF73FF /* NearbyPlaceCell.swift */ = {isa = PBXFileReference; lastKnownFileType = sourcecode.swift; path = NearbyPlaceCell.swift; sourceTree = "<group>"; };
		C33884BA20A0A07400ED3D49 /* nearby-success.json */ = {isa = PBXFileReference; fileEncoding = 4; lastKnownFileType = text.json; path = "nearby-success.json"; sourceTree = "<group>"; };
		C33EE73C2091FB5A00712672 /* Kingfisher.framework */ = {isa = PBXFileReference; lastKnownFileType = wrapper.framework; name = Kingfisher.framework; path = Carthage/Build/iOS/Kingfisher.framework; sourceTree = "<group>"; };
		C343D5F720DA7F140072CE0D /* WeatherTableViewCell.swift */ = {isa = PBXFileReference; lastKnownFileType = sourcecode.swift; path = WeatherTableViewCell.swift; sourceTree = "<group>"; };
		C343D5F820DA7F140072CE0D /* WeatherTableViewCell.xib */ = {isa = PBXFileReference; lastKnownFileType = file.xib; path = WeatherTableViewCell.xib; sourceTree = "<group>"; };
		C36DD7822090C7A30045E114 /* Constants.swift */ = {isa = PBXFileReference; lastKnownFileType = sourcecode.swift; path = Constants.swift; sourceTree = "<group>"; };
		C3793FFD20E11296004C723B /* WeatherPresenter.swift */ = {isa = PBXFileReference; lastKnownFileType = sourcecode.swift; path = WeatherPresenter.swift; sourceTree = "<group>"; };
		C3793FFF20E11483004C723B /* WeatherAssembler.swift */ = {isa = PBXFileReference; lastKnownFileType = sourcecode.swift; path = WeatherAssembler.swift; sourceTree = "<group>"; };
		C379400A20E12A06004C723B /* PromiseOnceTest.swift */ = {isa = PBXFileReference; lastKnownFileType = sourcecode.swift; path = PromiseOnceTest.swift; sourceTree = "<group>"; };
		C379400C20E12A17004C723B /* PromiseAllTest.swift */ = {isa = PBXFileReference; lastKnownFileType = sourcecode.swift; path = PromiseAllTest.swift; sourceTree = "<group>"; };
		C391460A20DA564E00013336 /* Item.swift */ = {isa = PBXFileReference; lastKnownFileType = sourcecode.swift; path = Item.swift; sourceTree = "<group>"; };
		C3CC23F420A09C0000BA01F6 /* Swifter.framework */ = {isa = PBXFileReference; lastKnownFileType = wrapper.framework; name = Swifter.framework; path = Carthage/Build/iOS/Swifter.framework; sourceTree = "<group>"; };
		C3CC23F920A09C3100BA01F6 /* PlacesGatewayTest.swift */ = {isa = PBXFileReference; fileEncoding = 4; lastKnownFileType = sourcecode.swift; path = PlacesGatewayTest.swift; sourceTree = "<group>"; };
		C3D2893420ECDBBF001DE077 /* MockWorkers.swift */ = {isa = PBXFileReference; lastKnownFileType = sourcecode.swift; path = MockWorkers.swift; sourceTree = "<group>"; };
		C3D8AD8B20A05DE000868FF9 /* PlacesTest.swift */ = {isa = PBXFileReference; lastKnownFileType = sourcecode.swift; path = PlacesTest.swift; sourceTree = "<group>"; };
		C3D9D98820D14CAB004EC19A /* Promises.swift */ = {isa = PBXFileReference; lastKnownFileType = sourcecode.swift; path = Promises.swift; sourceTree = "<group>"; };
		C3D9D98C20D14D59004EC19A /* PromiseOnce.swift */ = {isa = PBXFileReference; lastKnownFileType = sourcecode.swift; path = PromiseOnce.swift; sourceTree = "<group>"; };
		C3DA814E208F419500AF9ABE /* main.swift */ = {isa = PBXFileReference; lastKnownFileType = sourcecode.swift; path = main.swift; sourceTree = "<group>"; };
		C3E24B2120A1BE250062D4E7 /* nearby-success-noplaces.json */ = {isa = PBXFileReference; fileEncoding = 4; lastKnownFileType = text.json; path = "nearby-success-noplaces.json"; sourceTree = "<group>"; };
		C3E24B2320A1CC330062D4E7 /* LocationGatewayTest.swift */ = {isa = PBXFileReference; lastKnownFileType = sourcecode.swift; path = LocationGatewayTest.swift; sourceTree = "<group>"; };
		C3E24B2920A1D7420062D4E7 /* LocationManager.swift */ = {isa = PBXFileReference; lastKnownFileType = sourcecode.swift; path = LocationManager.swift; sourceTree = "<group>"; };
		C3FA422F2087AEC200B63221 /* CleanArchitecture.app */ = {isa = PBXFileReference; explicitFileType = wrapper.application; includeInIndex = 0; path = CleanArchitecture.app; sourceTree = BUILT_PRODUCTS_DIR; };
		C3FA42372087AEC200B63221 /* Base */ = {isa = PBXFileReference; lastKnownFileType = file.storyboard; name = Base; path = Base.lproj/Main.storyboard; sourceTree = "<group>"; };
		C3FA42392087AEC200B63221 /* Assets.xcassets */ = {isa = PBXFileReference; lastKnownFileType = folder.assetcatalog; path = Assets.xcassets; sourceTree = "<group>"; };
		C3FA423C2087AEC200B63221 /* Base */ = {isa = PBXFileReference; lastKnownFileType = file.storyboard; name = Base; path = Base.lproj/LaunchScreen.storyboard; sourceTree = "<group>"; };
		C3FA423E2087AEC200B63221 /* Info.plist */ = {isa = PBXFileReference; lastKnownFileType = text.plist.xml; path = Info.plist; sourceTree = "<group>"; };
		C3FA42432087AEC200B63221 /* CleanArchitectureTests.xctest */ = {isa = PBXFileReference; explicitFileType = wrapper.cfbundle; includeInIndex = 0; path = CleanArchitectureTests.xctest; sourceTree = BUILT_PRODUCTS_DIR; };
		C3FA42472087AEC200B63221 /* PromiseTest.swift */ = {isa = PBXFileReference; lastKnownFileType = sourcecode.swift; path = PromiseTest.swift; sourceTree = "<group>"; };
		C3FA42492087AEC200B63221 /* Info.plist */ = {isa = PBXFileReference; lastKnownFileType = text.plist.xml; path = Info.plist; sourceTree = "<group>"; };
		C3FA42552087AF6A00B63221 /* MapKit.framework */ = {isa = PBXFileReference; lastKnownFileType = wrapper.framework; name = MapKit.framework; path = System/Library/Frameworks/MapKit.framework; sourceTree = SDKROOT; };
		C3FA42582087AF8B00B63221 /* AppDelegate.swift */ = {isa = PBXFileReference; fileEncoding = 4; lastKnownFileType = sourcecode.swift; name = AppDelegate.swift; path = CleanArchitecture/app/AppDelegate.swift; sourceTree = SOURCE_ROOT; };
		C3FA42592087AF8B00B63221 /* NearbyPlacesViewController.swift */ = {isa = PBXFileReference; fileEncoding = 4; lastKnownFileType = sourcecode.swift; name = NearbyPlacesViewController.swift; path = CleanArchitecture/app/places/NearbyPlacesViewController.swift; sourceTree = SOURCE_ROOT; };
		C3FA425D2087AFA800B63221 /* Promise.swift */ = {isa = PBXFileReference; fileEncoding = 4; lastKnownFileType = sourcecode.swift; name = Promise.swift; path = CleanArchitecture/core/Promise.swift; sourceTree = SOURCE_ROOT; };
		C3FA425E2087AFA800B63221 /* Work.swift */ = {isa = PBXFileReference; fileEncoding = 4; lastKnownFileType = sourcecode.swift; name = Work.swift; path = CleanArchitecture/core/Work.swift; sourceTree = SOURCE_ROOT; };
		C3FA42622087AFEC00B63221 /* LocationGateway.swift */ = {isa = PBXFileReference; fileEncoding = 4; lastKnownFileType = sourcecode.swift; name = LocationGateway.swift; path = CleanArchitecture/core/places/LocationGateway.swift; sourceTree = SOURCE_ROOT; };
		C3FA42632087AFEC00B63221 /* PlacesGateway.swift */ = {isa = PBXFileReference; fileEncoding = 4; lastKnownFileType = sourcecode.swift; name = PlacesGateway.swift; path = CleanArchitecture/core/places/PlacesGateway.swift; sourceTree = SOURCE_ROOT; };
		C3FA42662087B04200B63221 /* Places.swift */ = {isa = PBXFileReference; lastKnownFileType = sourcecode.swift; name = Places.swift; path = CleanArchitecture/core/places/Places.swift; sourceTree = SOURCE_ROOT; };
		C3FC18C120D9292A00393EBB /* PromiseAll.swift */ = {isa = PBXFileReference; lastKnownFileType = sourcecode.swift; path = PromiseAll.swift; sourceTree = "<group>"; };
		C3FC18D520D946B000393EBB /* Weather.swift */ = {isa = PBXFileReference; lastKnownFileType = sourcecode.swift; path = Weather.swift; sourceTree = "<group>"; };
		C3FC18D820D9595700393EBB /* CurrentWeatherWorker.swift */ = {isa = PBXFileReference; lastKnownFileType = sourcecode.swift; path = CurrentWeatherWorker.swift; sourceTree = "<group>"; };
		C3FC18DB20D959DE00393EBB /* WeatherComponent.swift */ = {isa = PBXFileReference; lastKnownFileType = sourcecode.swift; path = WeatherComponent.swift; sourceTree = "<group>"; };
		C3FC18DF20D9630800393EBB /* WeatherViewController.swift */ = {isa = PBXFileReference; lastKnownFileType = sourcecode.swift; path = WeatherViewController.swift; sourceTree = "<group>"; };
		C3FC18E020D9630800393EBB /* WeatherViewController.xib */ = {isa = PBXFileReference; lastKnownFileType = file.xib; path = WeatherViewController.xib; sourceTree = "<group>"; };
		C3FC18E620D9643100393EBB /* ItemsTableViewController.swift */ = {isa = PBXFileReference; lastKnownFileType = sourcecode.swift; path = ItemsTableViewController.swift; sourceTree = "<group>"; };
		C3FC18E720D9643100393EBB /* ItemsTableViewController.xib */ = {isa = PBXFileReference; lastKnownFileType = file.xib; path = ItemsTableViewController.xib; sourceTree = "<group>"; };
/* End PBXFileReference section */

/* Begin PBXFrameworksBuildPhase section */
		C3FA422C2087AEC200B63221 /* Frameworks */ = {
			isa = PBXFrameworksBuildPhase;
			buildActionMask = 2147483647;
			files = (
				C3FA42562087AF6A00B63221 /* MapKit.framework in Frameworks */,
				C33EE73D2091FB5A00712672 /* Kingfisher.framework in Frameworks */,
			);
			runOnlyForDeploymentPostprocessing = 0;
		};
		C3FA42402087AEC200B63221 /* Frameworks */ = {
			isa = PBXFrameworksBuildPhase;
			buildActionMask = 2147483647;
			files = (
				C3CC23F520A09C0000BA01F6 /* Swifter.framework in Frameworks */,
			);
			runOnlyForDeploymentPostprocessing = 0;
		};
/* End PBXFrameworksBuildPhase section */

/* Begin PBXGroup section */
		C3178206208DE47E00CB8FAE /* assets */ = {
			isa = PBXGroup;
			children = (
				C3FA42362087AEC200B63221 /* Main.storyboard */,
				C3FA42392087AEC200B63221 /* Assets.xcassets */,
				C3FA423B2087AEC200B63221 /* LaunchScreen.storyboard */,
			);
			path = assets;
			sourceTree = "<group>";
		};
		C3332EE72088A84A00FF73FF /* extensions */ = {
			isa = PBXGroup;
			children = (
				C3332EE82088A86E00FF73FF /* Error.swift */,
			);
			path = extensions;
			sourceTree = "<group>";
		};
		C3332EEC2088E1E300FF73FF /* places */ = {
			isa = PBXGroup;
			children = (
				C3FA42592087AF8B00B63221 /* NearbyPlacesViewController.swift */,
				C3332EEA2088E1DE00FF73FF /* NearbyPlacesPresenter.swift */,
				C3332EED2088E43C00FF73FF /* NearbyPlacesView.xib */,
				C3332EEF2088E45600FF73FF /* NearbyPlacesAssembler.swift */,
				C3332EF32088EBD700FF73FF /* NearbyPlaceCell.xib */,
				C3332EF52088F0B800FF73FF /* NearbyPlaceCell.swift */,
			);
			path = places;
			sourceTree = "<group>";
		};
		C3D8AD8920A05DB100868FF9 /* core */ = {
			isa = PBXGroup;
			children = (
				C3D2893420ECDBBF001DE077 /* MockWorkers.swift */,
				C3FA42472087AEC200B63221 /* PromiseTest.swift */,
				C379400A20E12A06004C723B /* PromiseOnceTest.swift */,
				C379400C20E12A17004C723B /* PromiseAllTest.swift */,
				C3D8AD8A20A05DBC00868FF9 /* places */,
			);
			path = core;
			sourceTree = "<group>";
		};
		C3D8AD8A20A05DBC00868FF9 /* places */ = {
			isa = PBXGroup;
			children = (
				C3E24B2120A1BE250062D4E7 /* nearby-success-noplaces.json */,
				C33884BA20A0A07400ED3D49 /* nearby-success.json */,
				C3CC23F920A09C3100BA01F6 /* PlacesGatewayTest.swift */,
				C3D8AD8B20A05DE000868FF9 /* PlacesTest.swift */,
				C3E24B2320A1CC330062D4E7 /* LocationGatewayTest.swift */,
			);
			path = places;
			sourceTree = "<group>";
		};
		C3FA42262087AEC200B63221 = {
			isa = PBXGroup;
			children = (
				C317820B208DF45500CB8FAE /* README.md */,
				C3FA42312087AEC200B63221 /* CleanArchitecture */,
				C3FA42462087AEC200B63221 /* CleanArchitectureTests */,
				C3FA42302087AEC200B63221 /* Products */,
				C3FA42542087AF6900B63221 /* Frameworks */,
			);
			sourceTree = "<group>";
		};
		C3FA42302087AEC200B63221 /* Products */ = {
			isa = PBXGroup;
			children = (
				C3FA422F2087AEC200B63221 /* CleanArchitecture.app */,
				C3FA42432087AEC200B63221 /* CleanArchitectureTests.xctest */,
			);
			name = Products;
			sourceTree = "<group>";
		};
		C3FA42312087AEC200B63221 /* CleanArchitecture */ = {
			isa = PBXGroup;
			children = (
				C3178206208DE47E00CB8FAE /* assets */,
				C3FA425C2087AF9800B63221 /* core */,
				C3FA42572087AF7500B63221 /* app */,
				C3FA423E2087AEC200B63221 /* Info.plist */,
				C3DA814E208F419500AF9ABE /* main.swift */,
			);
			path = CleanArchitecture;
			sourceTree = "<group>";
		};
		C3FA42462087AEC200B63221 /* CleanArchitectureTests */ = {
			isa = PBXGroup;
			children = (
				C3D8AD8920A05DB100868FF9 /* core */,
				C3FA42492087AEC200B63221 /* Info.plist */,
			);
			path = CleanArchitectureTests;
			sourceTree = "<group>";
		};
		C3FA42542087AF6900B63221 /* Frameworks */ = {
			isa = PBXGroup;
			children = (
				C3CC23F420A09C0000BA01F6 /* Swifter.framework */,
				C33EE73C2091FB5A00712672 /* Kingfisher.framework */,
				C3FA42552087AF6A00B63221 /* MapKit.framework */,
			);
			name = Frameworks;
			sourceTree = "<group>";
		};
		C3FA42572087AF7500B63221 /* app */ = {
			isa = PBXGroup;
			children = (
				C3FC18E520D963EA00393EBB /* items */,
				C3FC18DE20D962ED00393EBB /* weather */,
				C3332EEC2088E1E300FF73FF /* places */,
				C3FA42582087AF8B00B63221 /* AppDelegate.swift */,
				C36DD7822090C7A30045E114 /* Constants.swift */,
			);
			path = app;
			sourceTree = "<group>";
		};
		C3FA425C2087AF9800B63221 /* core */ = {
			isa = PBXGroup;
			children = (
				C3332EE72088A84A00FF73FF /* extensions */,
				C3FC18D420D9469B00393EBB /* weather */,
				C3FA42612087AFB600B63221 /* places */,
				C3FA425D2087AFA800B63221 /* Promise.swift */,
				C3FA425E2087AFA800B63221 /* Work.swift */,
				C3D9D98820D14CAB004EC19A /* Promises.swift */,
				C3D9D98C20D14D59004EC19A /* PromiseOnce.swift */,
				C3FC18C120D9292A00393EBB /* PromiseAll.swift */,
			);
			path = core;
			sourceTree = "<group>";
		};
		C3FA42612087AFB600B63221 /* places */ = {
			isa = PBXGroup;
			children = (
				C3FA42662087B04200B63221 /* Places.swift */,
				C3332EF12088E4D300FF73FF /* PlacesComponent.swift */,
				C3FA42632087AFEC00B63221 /* PlacesGateway.swift */,
				C3FA42622087AFEC00B63221 /* LocationGateway.swift */,
				C3E24B2920A1D7420062D4E7 /* LocationManager.swift */,
			);
			path = places;
			sourceTree = "<group>";
		};
		C3FC18D420D9469B00393EBB /* weather */ = {
			isa = PBXGroup;
			children = (
				C3FC18D520D946B000393EBB /* Weather.swift */,
				C3FC18D820D9595700393EBB /* CurrentWeatherWorker.swift */,
				C3FC18DB20D959DE00393EBB /* WeatherComponent.swift */,
			);
			path = weather;
			sourceTree = "<group>";
		};
		C3FC18DE20D962ED00393EBB /* weather */ = {
			isa = PBXGroup;
			children = (
				C3793FFF20E11483004C723B /* WeatherAssembler.swift */,
				C3FC18DF20D9630800393EBB /* WeatherViewController.swift */,
				C3793FFD20E11296004C723B /* WeatherPresenter.swift */,
				C3FC18E020D9630800393EBB /* WeatherViewController.xib */,
				C343D5F720DA7F140072CE0D /* WeatherTableViewCell.swift */,
				C343D5F820DA7F140072CE0D /* WeatherTableViewCell.xib */,
			);
			path = weather;
			sourceTree = "<group>";
		};
		C3FC18E520D963EA00393EBB /* items */ = {
			isa = PBXGroup;
			children = (
				C391460A20DA564E00013336 /* Item.swift */,
				C3FC18E620D9643100393EBB /* ItemsTableViewController.swift */,
				C3FC18E720D9643100393EBB /* ItemsTableViewController.xib */,
			);
			path = items;
			sourceTree = "<group>";
		};
/* End PBXGroup section */

/* Begin PBXNativeTarget section */
		C3FA422E2087AEC200B63221 /* CleanArchitecture */ = {
			isa = PBXNativeTarget;
			buildConfigurationList = C3FA424C2087AEC200B63221 /* Build configuration list for PBXNativeTarget "CleanArchitecture" */;
			buildPhases = (
				C3FA422B2087AEC200B63221 /* Sources */,
				C3FA422C2087AEC200B63221 /* Frameworks */,
				C3FA422D2087AEC200B63221 /* Resources */,
				C33EE73B2091FB0300712672 /* ShellScript */,
			);
			buildRules = (
			);
			dependencies = (
			);
			name = CleanArchitecture;
			productName = CleanArchitecture;
			productReference = C3FA422F2087AEC200B63221 /* CleanArchitecture.app */;
			productType = "com.apple.product-type.application";
		};
		C3FA42422087AEC200B63221 /* CleanArchitectureTests */ = {
			isa = PBXNativeTarget;
			buildConfigurationList = C3FA424F2087AEC200B63221 /* Build configuration list for PBXNativeTarget "CleanArchitectureTests" */;
			buildPhases = (
				C3FA423F2087AEC200B63221 /* Sources */,
				C3FA42402087AEC200B63221 /* Frameworks */,
				C3FA42412087AEC200B63221 /* Resources */,
				C3CC23F620A09C0A00BA01F6 /* CopyFiles */,
			);
			buildRules = (
			);
			dependencies = (
				C3FA42452087AEC200B63221 /* PBXTargetDependency */,
			);
			name = CleanArchitectureTests;
			productName = CleanArchitectureTests;
			productReference = C3FA42432087AEC200B63221 /* CleanArchitectureTests.xctest */;
			productType = "com.apple.product-type.bundle.unit-test";
		};
/* End PBXNativeTarget section */

/* Begin PBXProject section */
		C3FA42272087AEC200B63221 /* Project object */ = {
			isa = PBXProject;
			attributes = {
				LastSwiftUpdateCheck = 0920;
				LastUpgradeCheck = 0920;
				ORGANIZATIONNAME = Alberto;
				TargetAttributes = {
					C3FA422E2087AEC200B63221 = {
						CreatedOnToolsVersion = 9.2;
						LastSwiftMigration = 0920;
						ProvisioningStyle = Manual;
					};
					C3FA42422087AEC200B63221 = {
						CreatedOnToolsVersion = 9.2;
						ProvisioningStyle = Automatic;
						TestTargetID = C3FA422E2087AEC200B63221;
					};
				};
			};
			buildConfigurationList = C3FA422A2087AEC200B63221 /* Build configuration list for PBXProject "CleanArchitecture" */;
			compatibilityVersion = "Xcode 8.0";
			developmentRegion = en;
			hasScannedForEncodings = 0;
			knownRegions = (
				en,
				Base,
			);
			mainGroup = C3FA42262087AEC200B63221;
			productRefGroup = C3FA42302087AEC200B63221 /* Products */;
			projectDirPath = "";
			projectRoot = "";
			targets = (
				C3FA422E2087AEC200B63221 /* CleanArchitecture */,
				C3FA42422087AEC200B63221 /* CleanArchitectureTests */,
			);
		};
/* End PBXProject section */

/* Begin PBXResourcesBuildPhase section */
		C3FA422D2087AEC200B63221 /* Resources */ = {
			isa = PBXResourcesBuildPhase;
			buildActionMask = 2147483647;
			files = (
				C317820C208DF45600CB8FAE /* README.md in Resources */,
				C3FA423D2087AEC200B63221 /* LaunchScreen.storyboard in Resources */,
				C3332EEE2088E43C00FF73FF /* NearbyPlacesView.xib in Resources */,
				C3FA423A2087AEC200B63221 /* Assets.xcassets in Resources */,
				C3FA42382087AEC200B63221 /* Main.storyboard in Resources */,
				C3332EF42088EBD700FF73FF /* NearbyPlaceCell.xib in Resources */,
				C3FC18EA20D9643100393EBB /* ItemsTableViewController.xib in Resources */,
				C343D5FA20DA7F150072CE0D /* WeatherTableViewCell.xib in Resources */,
				C3FC18E320D9630800393EBB /* WeatherViewController.xib in Resources */,
			);
			runOnlyForDeploymentPostprocessing = 0;
		};
		C3FA42412087AEC200B63221 /* Resources */ = {
			isa = PBXResourcesBuildPhase;
			buildActionMask = 2147483647;
			files = (
				C33884BB20A0A07400ED3D49 /* nearby-success.json in Resources */,
				C3FC18E420D9630800393EBB /* WeatherViewController.xib in Resources */,
				C3FC18EB20D9643100393EBB /* ItemsTableViewController.xib in Resources */,
				C3E24B2220A1BE250062D4E7 /* nearby-success-noplaces.json in Resources */,
			);
			runOnlyForDeploymentPostprocessing = 0;
		};
/* End PBXResourcesBuildPhase section */

/* Begin PBXShellScriptBuildPhase section */
		C33EE73B2091FB0300712672 /* ShellScript */ = {
			isa = PBXShellScriptBuildPhase;
			buildActionMask = 2147483647;
			files = (
			);
			inputPaths = (
				"$(SRCROOT)/Carthage/Build/iOS/Kingfisher.framework",
			);
			outputPaths = (
			);
			runOnlyForDeploymentPostprocessing = 0;
			shellPath = /bin/sh;
			shellScript = "/usr/local/bin/carthage copy-frameworks";
		};
/* End PBXShellScriptBuildPhase section */

/* Begin PBXSourcesBuildPhase section */
		C3FA422B2087AEC200B63221 /* Sources */ = {
			isa = PBXSourcesBuildPhase;
			buildActionMask = 2147483647;
			files = (
				C3332EE92088A86E00FF73FF /* Error.swift in Sources */,
				C3FA42602087AFA800B63221 /* Work.swift in Sources */,
				C3E24B2A20A1D7420062D4E7 /* LocationManager.swift in Sources */,
				C379400020E11483004C723B /* WeatherAssembler.swift in Sources */,
				C3332EF22088E4D300FF73FF /* PlacesComponent.swift in Sources */,
				C391460B20DA564E00013336 /* Item.swift in Sources */,
				C3FA425B2087AF8B00B63221 /* NearbyPlacesViewController.swift in Sources */,
				C3332EEB2088E1DE00FF73FF /* NearbyPlacesPresenter.swift in Sources */,
				C3FA42652087AFEC00B63221 /* PlacesGateway.swift in Sources */,
				C3FA42672087B04200B63221 /* Places.swift in Sources */,
				C36DD7832090C7A30045E114 /* Constants.swift in Sources */,
				C3FA42642087AFEC00B63221 /* LocationGateway.swift in Sources */,
				C3FA425A2087AF8B00B63221 /* AppDelegate.swift in Sources */,
				C3D9D98920D14CAB004EC19A /* Promises.swift in Sources */,
				C3D9D98D20D14D59004EC19A /* PromiseOnce.swift in Sources */,
				C3FA425F2087AFA800B63221 /* Promise.swift in Sources */,
				C343D5F920DA7F140072CE0D /* WeatherTableViewCell.swift in Sources */,
				C3332EF62088F0B800FF73FF /* NearbyPlaceCell.swift in Sources */,
				C3FC18D620D946B000393EBB /* Weather.swift in Sources */,
				C3DA814F208F419500AF9ABE /* main.swift in Sources */,
				C3793FFE20E11296004C723B /* WeatherPresenter.swift in Sources */,
				C3332EF02088E45600FF73FF /* NearbyPlacesAssembler.swift in Sources */,
				C3FC18E820D9643100393EBB /* ItemsTableViewController.swift in Sources */,
				C3FC18DC20D959DE00393EBB /* WeatherComponent.swift in Sources */,
				C3FC18D920D9595700393EBB /* CurrentWeatherWorker.swift in Sources */,
				C3FC18C220D9292A00393EBB /* PromiseAll.swift in Sources */,
				C3FC18E120D9630800393EBB /* WeatherViewController.swift in Sources */,
			);
			runOnlyForDeploymentPostprocessing = 0;
		};
		C3FA423F2087AEC200B63221 /* Sources */ = {
			isa = PBXSourcesBuildPhase;
			buildActionMask = 2147483647;
			files = (
				C379400320E1198E004C723B /* WeatherTableViewCell.swift in Sources */,
				C391460C20DA564E00013336 /* Item.swift in Sources */,
				C379400220E1198B004C723B /* WeatherPresenter.swift in Sources */,
				C3D2893520ECDBBF001DE077 /* MockWorkers.swift in Sources */,
				C3FA42482087AEC200B63221 /* PromiseTest.swift in Sources */,
				C3FC18E220D9630800393EBB /* WeatherViewController.swift in Sources */,
				C3E24B2720A1D4180062D4E7 /* LocationGateway.swift in Sources */,
				C3FC18E920D9643100393EBB /* ItemsTableViewController.swift in Sources */,
				C3FC18DA20D9595700393EBB /* CurrentWeatherWorker.swift in Sources */,
				C3FC18C020D9265600393EBB /* PromiseOnce.swift in Sources */,
				C379400620E119BF004C723B /* NearbyPlacesPresenter.swift in Sources */,
				C3FC18C320D9292A00393EBB /* PromiseAll.swift in Sources */,
				C379400820E11C65004C723B /* Constants.swift in Sources */,
				C3FC18DD20D959DE00393EBB /* WeatherComponent.swift in Sources */,
				C3FC18D720D946B000393EBB /* Weather.swift in Sources */,
				C3CC23FA20A09C3100BA01F6 /* PlacesGatewayTest.swift in Sources */,
				C3FC18BF20D9265300393EBB /* Promises.swift in Sources */,
				C3E24B2B20A1D7480062D4E7 /* LocationManager.swift in Sources */,
				C379400D20E12A17004C723B /* PromiseAllTest.swift in Sources */,
				C379400720E119C2004C723B /* NearbyPlaceCell.swift in Sources */,
				C3E24B2020A19CB10062D4E7 /* PlacesGateway.swift in Sources */,
				C3DA8150208F43BD00AF9ABE /* Promise.swift in Sources */,
				C379400120E11986004C723B /* WeatherAssembler.swift in Sources */,
				C3DA8151208F43C900AF9ABE /* Work.swift in Sources */,
				C3D8AD8C20A05DE000868FF9 /* PlacesTest.swift in Sources */,
				C3E24B2420A1CC330062D4E7 /* LocationGatewayTest.swift in Sources */,
				C379400B20E12A06004C723B /* PromiseOnceTest.swift in Sources */,
				C379400920E11CAE004C723B /* PlacesComponent.swift in Sources */,
				C379400420E119B9004C723B /* NearbyPlacesAssembler.swift in Sources */,
				C379400520E119BC004C723B /* NearbyPlacesViewController.swift in Sources */,
				C3E24B2820A1D47F0062D4E7 /* Error.swift in Sources */,
				C3E24B2620A1D40F0062D4E7 /* Places.swift in Sources */,
			);
			runOnlyForDeploymentPostprocessing = 0;
		};
/* End PBXSourcesBuildPhase section */

/* Begin PBXTargetDependency section */
		C3FA42452087AEC200B63221 /* PBXTargetDependency */ = {
			isa = PBXTargetDependency;
			target = C3FA422E2087AEC200B63221 /* CleanArchitecture */;
			targetProxy = C3FA42442087AEC200B63221 /* PBXContainerItemProxy */;
		};
/* End PBXTargetDependency section */

/* Begin PBXVariantGroup section */
		C3FA42362087AEC200B63221 /* Main.storyboard */ = {
			isa = PBXVariantGroup;
			children = (
				C3FA42372087AEC200B63221 /* Base */,
			);
			name = Main.storyboard;
			sourceTree = "<group>";
		};
		C3FA423B2087AEC200B63221 /* LaunchScreen.storyboard */ = {
			isa = PBXVariantGroup;
			children = (
				C3FA423C2087AEC200B63221 /* Base */,
			);
			name = LaunchScreen.storyboard;
			sourceTree = "<group>";
		};
/* End PBXVariantGroup section */

/* Begin XCBuildConfiguration section */
		C3FA424A2087AEC200B63221 /* Debug */ = {
			isa = XCBuildConfiguration;
			buildSettings = {
				ALWAYS_SEARCH_USER_PATHS = NO;
				CLANG_ANALYZER_NONNULL = YES;
				CLANG_ANALYZER_NUMBER_OBJECT_CONVERSION = YES_AGGRESSIVE;
				CLANG_CXX_LANGUAGE_STANDARD = "gnu++14";
				CLANG_CXX_LIBRARY = "libc++";
				CLANG_ENABLE_MODULES = YES;
				CLANG_ENABLE_OBJC_ARC = YES;
				CLANG_WARN_BLOCK_CAPTURE_AUTORELEASING = YES;
				CLANG_WARN_BOOL_CONVERSION = YES;
				CLANG_WARN_COMMA = YES;
				CLANG_WARN_CONSTANT_CONVERSION = YES;
				CLANG_WARN_DIRECT_OBJC_ISA_USAGE = YES_ERROR;
				CLANG_WARN_DOCUMENTATION_COMMENTS = YES;
				CLANG_WARN_EMPTY_BODY = YES;
				CLANG_WARN_ENUM_CONVERSION = YES;
				CLANG_WARN_INFINITE_RECURSION = YES;
				CLANG_WARN_INT_CONVERSION = YES;
				CLANG_WARN_NON_LITERAL_NULL_CONVERSION = YES;
				CLANG_WARN_OBJC_LITERAL_CONVERSION = YES;
				CLANG_WARN_OBJC_ROOT_CLASS = YES_ERROR;
				CLANG_WARN_RANGE_LOOP_ANALYSIS = YES;
				CLANG_WARN_STRICT_PROTOTYPES = YES;
				CLANG_WARN_SUSPICIOUS_MOVE = YES;
				CLANG_WARN_UNGUARDED_AVAILABILITY = YES_AGGRESSIVE;
				CLANG_WARN_UNREACHABLE_CODE = YES;
				CLANG_WARN__DUPLICATE_METHOD_MATCH = YES;
				CODE_SIGN_IDENTITY = "iPhone Developer";
				COPY_PHASE_STRIP = NO;
				DEBUG_INFORMATION_FORMAT = dwarf;
				ENABLE_STRICT_OBJC_MSGSEND = YES;
				ENABLE_TESTABILITY = YES;
				GCC_C_LANGUAGE_STANDARD = gnu11;
				GCC_DYNAMIC_NO_PIC = NO;
				GCC_NO_COMMON_BLOCKS = YES;
				GCC_OPTIMIZATION_LEVEL = 0;
				GCC_PREPROCESSOR_DEFINITIONS = (
					"DEBUG=1",
					"$(inherited)",
				);
				GCC_WARN_64_TO_32_BIT_CONVERSION = YES;
				GCC_WARN_ABOUT_RETURN_TYPE = YES_ERROR;
				GCC_WARN_UNDECLARED_SELECTOR = YES;
				GCC_WARN_UNINITIALIZED_AUTOS = YES_AGGRESSIVE;
				GCC_WARN_UNUSED_FUNCTION = YES;
				GCC_WARN_UNUSED_VARIABLE = YES;
				IPHONEOS_DEPLOYMENT_TARGET = 11.2;
				MTL_ENABLE_DEBUG_INFO = YES;
				ONLY_ACTIVE_ARCH = YES;
				SDKROOT = iphoneos;
				SWIFT_ACTIVE_COMPILATION_CONDITIONS = DEBUG;
				SWIFT_OPTIMIZATION_LEVEL = "-Onone";
			};
			name = Debug;
		};
		C3FA424B2087AEC200B63221 /* Release */ = {
			isa = XCBuildConfiguration;
			buildSettings = {
				ALWAYS_SEARCH_USER_PATHS = NO;
				CLANG_ANALYZER_NONNULL = YES;
				CLANG_ANALYZER_NUMBER_OBJECT_CONVERSION = YES_AGGRESSIVE;
				CLANG_CXX_LANGUAGE_STANDARD = "gnu++14";
				CLANG_CXX_LIBRARY = "libc++";
				CLANG_ENABLE_MODULES = YES;
				CLANG_ENABLE_OBJC_ARC = YES;
				CLANG_WARN_BLOCK_CAPTURE_AUTORELEASING = YES;
				CLANG_WARN_BOOL_CONVERSION = YES;
				CLANG_WARN_COMMA = YES;
				CLANG_WARN_CONSTANT_CONVERSION = YES;
				CLANG_WARN_DIRECT_OBJC_ISA_USAGE = YES_ERROR;
				CLANG_WARN_DOCUMENTATION_COMMENTS = YES;
				CLANG_WARN_EMPTY_BODY = YES;
				CLANG_WARN_ENUM_CONVERSION = YES;
				CLANG_WARN_INFINITE_RECURSION = YES;
				CLANG_WARN_INT_CONVERSION = YES;
				CLANG_WARN_NON_LITERAL_NULL_CONVERSION = YES;
				CLANG_WARN_OBJC_LITERAL_CONVERSION = YES;
				CLANG_WARN_OBJC_ROOT_CLASS = YES_ERROR;
				CLANG_WARN_RANGE_LOOP_ANALYSIS = YES;
				CLANG_WARN_STRICT_PROTOTYPES = YES;
				CLANG_WARN_SUSPICIOUS_MOVE = YES;
				CLANG_WARN_UNGUARDED_AVAILABILITY = YES_AGGRESSIVE;
				CLANG_WARN_UNREACHABLE_CODE = YES;
				CLANG_WARN__DUPLICATE_METHOD_MATCH = YES;
				CODE_SIGN_IDENTITY = "iPhone Developer";
				COPY_PHASE_STRIP = NO;
				DEBUG_INFORMATION_FORMAT = "dwarf-with-dsym";
				ENABLE_NS_ASSERTIONS = NO;
				ENABLE_STRICT_OBJC_MSGSEND = YES;
				GCC_C_LANGUAGE_STANDARD = gnu11;
				GCC_NO_COMMON_BLOCKS = YES;
				GCC_WARN_64_TO_32_BIT_CONVERSION = YES;
				GCC_WARN_ABOUT_RETURN_TYPE = YES_ERROR;
				GCC_WARN_UNDECLARED_SELECTOR = YES;
				GCC_WARN_UNINITIALIZED_AUTOS = YES_AGGRESSIVE;
				GCC_WARN_UNUSED_FUNCTION = YES;
				GCC_WARN_UNUSED_VARIABLE = YES;
				IPHONEOS_DEPLOYMENT_TARGET = 11.2;
				MTL_ENABLE_DEBUG_INFO = NO;
				SDKROOT = iphoneos;
				SWIFT_OPTIMIZATION_LEVEL = "-Owholemodule";
				VALIDATE_PRODUCT = YES;
			};
			name = Release;
		};
		C3FA424D2087AEC200B63221 /* Debug */ = {
			isa = XCBuildConfiguration;
			buildSettings = {
				ASSETCATALOG_COMPILER_APPICON_NAME = AppIcon;
				CLANG_ENABLE_MODULES = YES;
				CODE_SIGN_STYLE = Manual;
				DEVELOPMENT_TEAM = "";
				FRAMEWORK_SEARCH_PATHS = (
					"$(inherited)",
					"$(PROJECT_DIR)/Carthage/Build/iOS",
				);
				INFOPLIST_FILE = CleanArchitecture/Info.plist;
				LD_RUNPATH_SEARCH_PATHS = "$(inherited) @executable_path/Frameworks";
				PRODUCT_BUNDLE_IDENTIFIER = com.github.albertopeam.CleanArchitecture;
				PRODUCT_NAME = "$(TARGET_NAME)";
				PROVISIONING_PROFILE_SPECIFIER = "";
				SWIFT_OPTIMIZATION_LEVEL = "-Onone";
				SWIFT_VERSION = 4.0;
				TARGETED_DEVICE_FAMILY = "1,2";
			};
			name = Debug;
		};
		C3FA424E2087AEC200B63221 /* Release */ = {
			isa = XCBuildConfiguration;
			buildSettings = {
				ASSETCATALOG_COMPILER_APPICON_NAME = AppIcon;
				CLANG_ENABLE_MODULES = YES;
				CODE_SIGN_STYLE = Manual;
				DEVELOPMENT_TEAM = "";
				FRAMEWORK_SEARCH_PATHS = (
					"$(inherited)",
					"$(PROJECT_DIR)/Carthage/Build/iOS",
				);
				INFOPLIST_FILE = CleanArchitecture/Info.plist;
				LD_RUNPATH_SEARCH_PATHS = "$(inherited) @executable_path/Frameworks";
				PRODUCT_BUNDLE_IDENTIFIER = com.github.albertopeam.CleanArchitecture;
				PRODUCT_NAME = "$(TARGET_NAME)";
				PROVISIONING_PROFILE_SPECIFIER = "";
				SWIFT_VERSION = 4.0;
				TARGETED_DEVICE_FAMILY = "1,2";
			};
			name = Release;
		};
		C3FA42502087AEC200B63221 /* Debug */ = {
			isa = XCBuildConfiguration;
			buildSettings = {
				ALWAYS_EMBED_SWIFT_STANDARD_LIBRARIES = YES;
				BUNDLE_LOADER = "$(TEST_HOST)";
				CODE_SIGN_STYLE = Automatic;
				DEVELOPMENT_TEAM = 494NZHD989;
				FRAMEWORK_SEARCH_PATHS = (
					"$(inherited)",
					"$(PROJECT_DIR)/Carthage/Build/iOS",
				);
				INFOPLIST_FILE = CleanArchitectureTests/Info.plist;
				LD_RUNPATH_SEARCH_PATHS = "$(inherited) @executable_path/Frameworks @loader_path/Frameworks";
				PRODUCT_BUNDLE_IDENTIFIER = com.github.albertopeam.CleanArchitectureTests;
				PRODUCT_NAME = "$(TARGET_NAME)";
				SWIFT_VERSION = 4.0;
				TARGETED_DEVICE_FAMILY = "1,2";
				TEST_HOST = "$(BUILT_PRODUCTS_DIR)/CleanArchitecture.app/CleanArchitecture";
			};
			name = Debug;
		};
		C3FA42512087AEC200B63221 /* Release */ = {
			isa = XCBuildConfiguration;
			buildSettings = {
				ALWAYS_EMBED_SWIFT_STANDARD_LIBRARIES = YES;
				BUNDLE_LOADER = "$(TEST_HOST)";
				CODE_SIGN_STYLE = Automatic;
				DEVELOPMENT_TEAM = 494NZHD989;
				FRAMEWORK_SEARCH_PATHS = (
					"$(inherited)",
					"$(PROJECT_DIR)/Carthage/Build/iOS",
				);
				INFOPLIST_FILE = CleanArchitectureTests/Info.plist;
				LD_RUNPATH_SEARCH_PATHS = "$(inherited) @executable_path/Frameworks @loader_path/Frameworks";
				PRODUCT_BUNDLE_IDENTIFIER = com.github.albertopeam.CleanArchitectureTests;
				PRODUCT_NAME = "$(TARGET_NAME)";
				SWIFT_VERSION = 4.0;
				TARGETED_DEVICE_FAMILY = "1,2";
				TEST_HOST = "$(BUILT_PRODUCTS_DIR)/CleanArchitecture.app/CleanArchitecture";
			};
			name = Release;
		};
/* End XCBuildConfiguration section */

/* Begin XCConfigurationList section */
		C3FA422A2087AEC200B63221 /* Build configuration list for PBXProject "CleanArchitecture" */ = {
			isa = XCConfigurationList;
			buildConfigurations = (
				C3FA424A2087AEC200B63221 /* Debug */,
				C3FA424B2087AEC200B63221 /* Release */,
			);
			defaultConfigurationIsVisible = 0;
			defaultConfigurationName = Release;
		};
		C3FA424C2087AEC200B63221 /* Build configuration list for PBXNativeTarget "CleanArchitecture" */ = {
			isa = XCConfigurationList;
			buildConfigurations = (
				C3FA424D2087AEC200B63221 /* Debug */,
				C3FA424E2087AEC200B63221 /* Release */,
			);
			defaultConfigurationIsVisible = 0;
			defaultConfigurationName = Release;
		};
		C3FA424F2087AEC200B63221 /* Build configuration list for PBXNativeTarget "CleanArchitectureTests" */ = {
			isa = XCConfigurationList;
			buildConfigurations = (
				C3FA42502087AEC200B63221 /* Debug */,
				C3FA42512087AEC200B63221 /* Release */,
			);
			defaultConfigurationIsVisible = 0;
			defaultConfigurationName = Release;
		};
/* End XCConfigurationList section */
	};
	rootObject = C3FA42272087AEC200B63221 /* Project object */;
}
